
Microsoft Visual Studio Solution File, Format Version 12.00
# Visual Studio 15
VisualStudioVersion = 15.0.28010.2041
MinimumVisualStudioVersion = 10.0.40219.1
Project("{FAE04EC0-301F-11D3-BF4B-00C04F79EFBC}") = "Analyzer1", "Analyzer1\Analyzer1\Analyzer1.csproj", "{2D568E48-8551-4FB9-AC76-4718DEA39144}"
EndProject
Project("{FAE04EC0-301F-11D3-BF4B-00C04F79EFBC}") = "Analyzer1.Test", "Analyzer1\Analyzer1.Test\Analyzer1.Test.csproj", "{749629CF-3BC9-4213-95B3-F832E7345F16}"
EndProject
Project("{FAE04EC0-301F-11D3-BF4B-00C04F79EFBC}") = "Analyzer1.Vsix", "Analyzer1\Analyzer1.Vsix\Analyzer1.Vsix.csproj", "{1017E53B-CA31-4CFD-97A2-AB71E9206888}"
EndProject
Global
	GlobalSection(SolutionConfigurationPlatforms) = preSolution
		Debug|Any CPU = Debug|Any CPU
		Release|Any CPU = Release|Any CPU
	EndGlobalSection
	GlobalSection(ProjectConfigurationPlatforms) = postSolution
		{2D568E48-8551-4FB9-AC76-4718DEA39144}.Debug|Any CPU.ActiveCfg = Debug|Any CPU
		{2D568E48-8551-4FB9-AC76-4718DEA39144}.Debug|Any CPU.Build.0 = Debug|Any CPU
		{2D568E48-8551-4FB9-AC76-4718DEA39144}.Release|Any CPU.ActiveCfg = Release|Any CPU
		{2D568E48-8551-4FB9-AC76-4718DEA39144}.Release|Any CPU.Build.0 = Release|Any CPU
		{749629CF-3BC9-4213-95B3-F832E7345F16}.Debug|Any CPU.ActiveCfg = Debug|Any CPU
		{749629CF-3BC9-4213-95B3-F832E7345F16}.Debug|Any CPU.Build.0 = Debug|Any CPU
		{749629CF-3BC9-4213-95B3-F832E7345F16}.Release|Any CPU.ActiveCfg = Release|Any CPU
		{749629CF-3BC9-4213-95B3-F832E7345F16}.Release|Any CPU.Build.0 = Release|Any CPU
		{1017E53B-CA31-4CFD-97A2-AB71E9206888}.Debug|Any CPU.ActiveCfg = Debug|Any CPU
		{1017E53B-CA31-4CFD-97A2-AB71E9206888}.Debug|Any CPU.Build.0 = Debug|Any CPU
		{1017E53B-CA31-4CFD-97A2-AB71E9206888}.Release|Any CPU.ActiveCfg = Release|Any CPU
		{1017E53B-CA31-4CFD-97A2-AB71E9206888}.Release|Any CPU.Build.0 = Release|Any CPU
	EndGlobalSection
	GlobalSection(SolutionProperties) = preSolution
		HideSolutionNode = FALSE
	EndGlobalSection
	GlobalSection(ExtensibilityGlobals) = postSolution
		SolutionGuid = {44A3D08C-7813-4FA9-BCCC-C6CCE3F2883D}
	EndGlobalSection
EndGlobal
